// !$*UTF8*$!
{
	archiveVersion = 1;
	classes = {
	};
	objectVersion = 55;
	objects = {

/* Begin PBXBuildFile section */
		221E52C228342832001E82A7 /* SystemEnvironment.swift in Sources */ = {isa = PBXBuildFile; fileRef = 224E671C282EB371001D214C /* SystemEnvironment.swift */; };
		221E52C328342832001E82A7 /* SystemFeature.swift in Sources */ = {isa = PBXBuildFile; fileRef = 221E527B2833FE7D001E82A7 /* SystemFeature.swift */; };
		2220E14F283074F10046F08A /* LocalizedString.swift in Sources */ = {isa = PBXBuildFile; fileRef = 2220E14E283074F10046F08A /* LocalizedString.swift */; };
		2220E15428312D1F0046F08A /* MangaThumbnailView.swift in Sources */ = {isa = PBXBuildFile; fileRef = 2220E15328312D1F0046F08A /* MangaThumbnailView.swift */; };
		2220E15728312D400046F08A /* ThumbnailFeature.swift in Sources */ = {isa = PBXBuildFile; fileRef = 2220E15628312D400046F08A /* ThumbnailFeature.swift */; };
		2220E1592831345C0046F08A /* MangaThumbnailEffect.swift in Sources */ = {isa = PBXBuildFile; fileRef = 2220E1582831345C0046F08A /* MangaThumbnailEffect.swift */; };
		2220E15B2831355A0046F08A /* CoverArtInfo.swift in Sources */ = {isa = PBXBuildFile; fileRef = 2220E15A2831355A0046F08A /* CoverArtInfo.swift */; };
		2220E15E283145290046F08A /* PreviewProvider.swift in Sources */ = {isa = PBXBuildFile; fileRef = 2220E15D283145290046F08A /* PreviewProvider.swift */; };
		2220E160283185990046F08A /* ImageFileManager.swift in Sources */ = {isa = PBXBuildFile; fileRef = 2220E15F283185990046F08A /* ImageFileManager.swift */; };
		2220E1622831B0300046F08A /* ResponseDataType.swift in Sources */ = {isa = PBXBuildFile; fileRef = 2220E1612831B0300046F08A /* ResponseDataType.swift */; };
		2220E1652832A8D60046F08A /* MangaFeature.swift in Sources */ = {isa = PBXBuildFile; fileRef = 2220E1642832A8D60046F08A /* MangaFeature.swift */; };
		2220E1672832A9280046F08A /* MangaView.swift in Sources */ = {isa = PBXBuildFile; fileRef = 2220E1662832A9280046F08A /* MangaView.swift */; };
		2220E1692832A9310046F08A /* MangaEffect.swift in Sources */ = {isa = PBXBuildFile; fileRef = 2220E1682832A9310046F08A /* MangaEffect.swift */; };
		2220E16B2832B3910046F08A /* ChapterDetails.swift in Sources */ = {isa = PBXBuildFile; fileRef = 2220E16A2832B3910046F08A /* ChapterDetails.swift */; };
		2220E16F2832CEE00046F08A /* ChapterPagesInfo.swift in Sources */ = {isa = PBXBuildFile; fileRef = 2220E16E2832CEE00046F08A /* ChapterPagesInfo.swift */; };
		2224D3D7282ED6C200BBAC5D /* Relationship.swift in Sources */ = {isa = PBXBuildFile; fileRef = 2224D3D6282ED6C200BBAC5D /* Relationship.swift */; };
		2224D3D9282ED6FA00BBAC5D /* Tag.swift in Sources */ = {isa = PBXBuildFile; fileRef = 2224D3D8282ED6FA00BBAC5D /* Tag.swift */; };
		22284BE9283909CF00C69647 /* RangeReplaceableCollection.swift in Sources */ = {isa = PBXBuildFile; fileRef = 22284BE8283909CF00C69647 /* RangeReplaceableCollection.swift */; };
		22284BEB28395DF300C69647 /* ExpandableForEach.swift in Sources */ = {isa = PBXBuildFile; fileRef = 22284BEA28395DF300C69647 /* ExpandableForEach.swift */; };
		2245D4B128400A8E005B1C83 /* VolumeTabFeature.swift in Sources */ = {isa = PBXBuildFile; fileRef = 2245D4B028400A8E005B1C83 /* VolumeTabFeature.swift */; };
		2245D4B328400A9D005B1C83 /* VolumeTabView.swift in Sources */ = {isa = PBXBuildFile; fileRef = 2245D4B228400A9D005B1C83 /* VolumeTabView.swift */; };
		2245D4B928403E9A005B1C83 /* UUID.swift in Sources */ = {isa = PBXBuildFile; fileRef = 2245D4B828403E9A005B1C83 /* UUID.swift */; };
		2245D4BB2840EC40005B1C83 /* Publisher.swift in Sources */ = {isa = PBXBuildFile; fileRef = 2245D4BA2840EC40005B1C83 /* Publisher.swift */; };
		224C657C2827204100AAEF2E /* SmugglerApp.swift in Sources */ = {isa = PBXBuildFile; fileRef = 224C657B2827204100AAEF2E /* SmugglerApp.swift */; };
		224C65802827204300AAEF2E /* Assets.xcassets in Resources */ = {isa = PBXBuildFile; fileRef = 224C657F2827204300AAEF2E /* Assets.xcassets */; };
		224C65832827204300AAEF2E /* Preview Assets.xcassets in Resources */ = {isa = PBXBuildFile; fileRef = 224C65822827204300AAEF2E /* Preview Assets.xcassets */; };
		224C658D2827204300AAEF2E /* SmugglerTests.swift in Sources */ = {isa = PBXBuildFile; fileRef = 224C658C2827204300AAEF2E /* SmugglerTests.swift */; };
		224C65972827204300AAEF2E /* SmugglerUITests.swift in Sources */ = {isa = PBXBuildFile; fileRef = 224C65962827204300AAEF2E /* SmugglerUITests.swift */; };
		224C65992827204300AAEF2E /* SmugglerUITestsLaunchTests.swift in Sources */ = {isa = PBXBuildFile; fileRef = 224C65982827204300AAEF2E /* SmugglerUITestsLaunchTests.swift */; };
		224E6712282E91FF001D214C /* Response.swift in Sources */ = {isa = PBXBuildFile; fileRef = 224E6711282E91FF001D214C /* Response.swift */; };
		224E6714282E9781001D214C /* Manga.swift in Sources */ = {isa = PBXBuildFile; fileRef = 224E6713282E9781001D214C /* Manga.swift */; };
		224E6716282E9D6F001D214C /* HomeEffects.swift in Sources */ = {isa = PBXBuildFile; fileRef = 224E6715282E9D6F001D214C /* HomeEffects.swift */; };
		224E671B282EAA50001D214C /* APIError.swift in Sources */ = {isa = PBXBuildFile; fileRef = 224E671A282EAA50001D214C /* APIError.swift */; };
		224E6720282EB9C5001D214C /* ComposableArchitecture in Frameworks */ = {isa = PBXBuildFile; productRef = 224E671F282EB9C5001D214C /* ComposableArchitecture */; };
		229F8D8B282DB34C00761054 /* RootView.swift in Sources */ = {isa = PBXBuildFile; fileRef = 229F8D8A282DB34C00761054 /* RootView.swift */; };
		229F8D90282DB5E400761054 /* RootFeature.swift in Sources */ = {isa = PBXBuildFile; fileRef = 229F8D8F282DB5E400761054 /* RootFeature.swift */; };
		229F8D93282DB9D200761054 /* HomeView.swift in Sources */ = {isa = PBXBuildFile; fileRef = 229F8D92282DB9D200761054 /* HomeView.swift */; };
		229F8D95282DBD9400761054 /* HomeFeature.swift in Sources */ = {isa = PBXBuildFile; fileRef = 229F8D94282DBD9400761054 /* HomeFeature.swift */; };
		22A7BF2A283A74E4008EDD52 /* Volume.swift in Sources */ = {isa = PBXBuildFile; fileRef = 22A7BF29283A74E4008EDD52 /* Volume.swift */; };
		22A7BF2D283AB6D7008EDD52 /* ChapterFeature.swift in Sources */ = {isa = PBXBuildFile; fileRef = 22A7BF2C283AB6D7008EDD52 /* ChapterFeature.swift */; };
		22A7BF2F283AB730008EDD52 /* Chapter.swift in Sources */ = {isa = PBXBuildFile; fileRef = 22A7BF2E283AB730008EDD52 /* Chapter.swift */; };
		22A7BF31283AB923008EDD52 /* ChapterEffect.swift in Sources */ = {isa = PBXBuildFile; fileRef = 22A7BF30283AB923008EDD52 /* ChapterEffect.swift */; };
		22A7BF33283ADB91008EDD52 /* ChapterView.swift in Sources */ = {isa = PBXBuildFile; fileRef = 22A7BF32283ADB91008EDD52 /* ChapterView.swift */; };
		22DA241F2839752800150C23 /* Double.swift in Sources */ = {isa = PBXBuildFile; fileRef = 22DA241E2839752800150C23 /* Double.swift */; };
/* End PBXBuildFile section */

/* Begin PBXContainerItemProxy section */
		224C65892827204300AAEF2E /* PBXContainerItemProxy */ = {
			isa = PBXContainerItemProxy;
			containerPortal = 224C65702827204000AAEF2E /* Project object */;
			proxyType = 1;
			remoteGlobalIDString = 224C65772827204000AAEF2E;
			remoteInfo = Smuggler;
		};
		224C65932827204300AAEF2E /* PBXContainerItemProxy */ = {
			isa = PBXContainerItemProxy;
			containerPortal = 224C65702827204000AAEF2E /* Project object */;
			proxyType = 1;
			remoteGlobalIDString = 224C65772827204000AAEF2E;
			remoteInfo = Smuggler;
		};
/* End PBXContainerItemProxy section */

/* Begin PBXCopyFilesBuildPhase section */
		221E529A2833FF10001E82A7 /* Embed Frameworks */ = {
			isa = PBXCopyFilesBuildPhase;
			buildActionMask = 2147483647;
			dstPath = "";
			dstSubfolderSpec = 10;
			files = (
			);
			name = "Embed Frameworks";
			runOnlyForDeploymentPostprocessing = 0;
		};
/* End PBXCopyFilesBuildPhase section */

/* Begin PBXFileReference section */
		221E527B2833FE7D001E82A7 /* SystemFeature.swift */ = {isa = PBXFileReference; lastKnownFileType = sourcecode.swift; path = SystemFeature.swift; sourceTree = "<group>"; };
		2220E14E283074F10046F08A /* LocalizedString.swift */ = {isa = PBXFileReference; lastKnownFileType = sourcecode.swift; path = LocalizedString.swift; sourceTree = "<group>"; };
		2220E15328312D1F0046F08A /* MangaThumbnailView.swift */ = {isa = PBXFileReference; lastKnownFileType = sourcecode.swift; path = MangaThumbnailView.swift; sourceTree = "<group>"; };
		2220E15628312D400046F08A /* ThumbnailFeature.swift */ = {isa = PBXFileReference; lastKnownFileType = sourcecode.swift; path = ThumbnailFeature.swift; sourceTree = "<group>"; };
		2220E1582831345C0046F08A /* MangaThumbnailEffect.swift */ = {isa = PBXFileReference; lastKnownFileType = sourcecode.swift; path = MangaThumbnailEffect.swift; sourceTree = "<group>"; };
		2220E15A2831355A0046F08A /* CoverArtInfo.swift */ = {isa = PBXFileReference; lastKnownFileType = sourcecode.swift; path = CoverArtInfo.swift; sourceTree = "<group>"; };
		2220E15D283145290046F08A /* PreviewProvider.swift */ = {isa = PBXFileReference; lastKnownFileType = sourcecode.swift; path = PreviewProvider.swift; sourceTree = "<group>"; };
		2220E15F283185990046F08A /* ImageFileManager.swift */ = {isa = PBXFileReference; lastKnownFileType = sourcecode.swift; path = ImageFileManager.swift; sourceTree = "<group>"; };
		2220E1612831B0300046F08A /* ResponseDataType.swift */ = {isa = PBXFileReference; lastKnownFileType = sourcecode.swift; path = ResponseDataType.swift; sourceTree = "<group>"; };
		2220E1642832A8D60046F08A /* MangaFeature.swift */ = {isa = PBXFileReference; lastKnownFileType = sourcecode.swift; path = MangaFeature.swift; sourceTree = "<group>"; };
		2220E1662832A9280046F08A /* MangaView.swift */ = {isa = PBXFileReference; lastKnownFileType = sourcecode.swift; path = MangaView.swift; sourceTree = "<group>"; };
		2220E1682832A9310046F08A /* MangaEffect.swift */ = {isa = PBXFileReference; lastKnownFileType = sourcecode.swift; path = MangaEffect.swift; sourceTree = "<group>"; };
		2220E16A2832B3910046F08A /* ChapterDetails.swift */ = {isa = PBXFileReference; lastKnownFileType = sourcecode.swift; path = ChapterDetails.swift; sourceTree = "<group>"; };
		2220E16E2832CEE00046F08A /* ChapterPagesInfo.swift */ = {isa = PBXFileReference; lastKnownFileType = sourcecode.swift; path = ChapterPagesInfo.swift; sourceTree = "<group>"; };
		2224D3D6282ED6C200BBAC5D /* Relationship.swift */ = {isa = PBXFileReference; lastKnownFileType = sourcecode.swift; path = Relationship.swift; sourceTree = "<group>"; };
		2224D3D8282ED6FA00BBAC5D /* Tag.swift */ = {isa = PBXFileReference; lastKnownFileType = sourcecode.swift; path = Tag.swift; sourceTree = "<group>"; };
		22284BE8283909CF00C69647 /* RangeReplaceableCollection.swift */ = {isa = PBXFileReference; lastKnownFileType = sourcecode.swift; path = RangeReplaceableCollection.swift; sourceTree = "<group>"; };
		22284BEA28395DF300C69647 /* ExpandableForEach.swift */ = {isa = PBXFileReference; lastKnownFileType = sourcecode.swift; path = ExpandableForEach.swift; sourceTree = "<group>"; };
		2245D4B028400A8E005B1C83 /* VolumeTabFeature.swift */ = {isa = PBXFileReference; lastKnownFileType = sourcecode.swift; path = VolumeTabFeature.swift; sourceTree = "<group>"; };
		2245D4B228400A9D005B1C83 /* VolumeTabView.swift */ = {isa = PBXFileReference; lastKnownFileType = sourcecode.swift; path = VolumeTabView.swift; sourceTree = "<group>"; };
		2245D4B828403E9A005B1C83 /* UUID.swift */ = {isa = PBXFileReference; lastKnownFileType = sourcecode.swift; path = UUID.swift; sourceTree = "<group>"; };
		2245D4BA2840EC40005B1C83 /* Publisher.swift */ = {isa = PBXFileReference; lastKnownFileType = sourcecode.swift; path = Publisher.swift; sourceTree = "<group>"; };
		224C65782827204100AAEF2E /* Smuggler.app */ = {isa = PBXFileReference; explicitFileType = wrapper.application; includeInIndex = 0; path = Smuggler.app; sourceTree = BUILT_PRODUCTS_DIR; };
		224C657B2827204100AAEF2E /* SmugglerApp.swift */ = {isa = PBXFileReference; lastKnownFileType = sourcecode.swift; path = SmugglerApp.swift; sourceTree = "<group>"; };
		224C657F2827204300AAEF2E /* Assets.xcassets */ = {isa = PBXFileReference; lastKnownFileType = folder.assetcatalog; path = Assets.xcassets; sourceTree = "<group>"; };
		224C65822827204300AAEF2E /* Preview Assets.xcassets */ = {isa = PBXFileReference; lastKnownFileType = folder.assetcatalog; path = "Preview Assets.xcassets"; sourceTree = "<group>"; };
		224C65882827204300AAEF2E /* SmugglerTests.xctest */ = {isa = PBXFileReference; explicitFileType = wrapper.cfbundle; includeInIndex = 0; path = SmugglerTests.xctest; sourceTree = BUILT_PRODUCTS_DIR; };
		224C658C2827204300AAEF2E /* SmugglerTests.swift */ = {isa = PBXFileReference; lastKnownFileType = sourcecode.swift; path = SmugglerTests.swift; sourceTree = "<group>"; };
		224C65922827204300AAEF2E /* SmugglerUITests.xctest */ = {isa = PBXFileReference; explicitFileType = wrapper.cfbundle; includeInIndex = 0; path = SmugglerUITests.xctest; sourceTree = BUILT_PRODUCTS_DIR; };
		224C65962827204300AAEF2E /* SmugglerUITests.swift */ = {isa = PBXFileReference; lastKnownFileType = sourcecode.swift; path = SmugglerUITests.swift; sourceTree = "<group>"; };
		224C65982827204300AAEF2E /* SmugglerUITestsLaunchTests.swift */ = {isa = PBXFileReference; lastKnownFileType = sourcecode.swift; path = SmugglerUITestsLaunchTests.swift; sourceTree = "<group>"; };
		224E6711282E91FF001D214C /* Response.swift */ = {isa = PBXFileReference; lastKnownFileType = sourcecode.swift; path = Response.swift; sourceTree = "<group>"; };
		224E6713282E9781001D214C /* Manga.swift */ = {isa = PBXFileReference; lastKnownFileType = sourcecode.swift; path = Manga.swift; sourceTree = "<group>"; };
		224E6715282E9D6F001D214C /* HomeEffects.swift */ = {isa = PBXFileReference; lastKnownFileType = sourcecode.swift; path = HomeEffects.swift; sourceTree = "<group>"; };
		224E671A282EAA50001D214C /* APIError.swift */ = {isa = PBXFileReference; lastKnownFileType = sourcecode.swift; path = APIError.swift; sourceTree = "<group>"; };
		224E671C282EB371001D214C /* SystemEnvironment.swift */ = {isa = PBXFileReference; lastKnownFileType = sourcecode.swift; path = SystemEnvironment.swift; sourceTree = "<group>"; };
		229F8D8A282DB34C00761054 /* RootView.swift */ = {isa = PBXFileReference; lastKnownFileType = sourcecode.swift; path = RootView.swift; sourceTree = "<group>"; };
		229F8D8F282DB5E400761054 /* RootFeature.swift */ = {isa = PBXFileReference; lastKnownFileType = sourcecode.swift; path = RootFeature.swift; sourceTree = "<group>"; };
		229F8D92282DB9D200761054 /* HomeView.swift */ = {isa = PBXFileReference; lastKnownFileType = sourcecode.swift; path = HomeView.swift; sourceTree = "<group>"; };
		229F8D94282DBD9400761054 /* HomeFeature.swift */ = {isa = PBXFileReference; lastKnownFileType = sourcecode.swift; path = HomeFeature.swift; sourceTree = "<group>"; };
		22A7BF29283A74E4008EDD52 /* Volume.swift */ = {isa = PBXFileReference; lastKnownFileType = sourcecode.swift; path = Volume.swift; sourceTree = "<group>"; };
		22A7BF2C283AB6D7008EDD52 /* ChapterFeature.swift */ = {isa = PBXFileReference; lastKnownFileType = sourcecode.swift; path = ChapterFeature.swift; sourceTree = "<group>"; };
		22A7BF2E283AB730008EDD52 /* Chapter.swift */ = {isa = PBXFileReference; lastKnownFileType = sourcecode.swift; path = Chapter.swift; sourceTree = "<group>"; };
		22A7BF30283AB923008EDD52 /* ChapterEffect.swift */ = {isa = PBXFileReference; lastKnownFileType = sourcecode.swift; path = ChapterEffect.swift; sourceTree = "<group>"; };
		22A7BF32283ADB91008EDD52 /* ChapterView.swift */ = {isa = PBXFileReference; lastKnownFileType = sourcecode.swift; path = ChapterView.swift; sourceTree = "<group>"; };
		22DA241E2839752800150C23 /* Double.swift */ = {isa = PBXFileReference; lastKnownFileType = sourcecode.swift; path = Double.swift; sourceTree = "<group>"; };
/* End PBXFileReference section */

/* Begin PBXFrameworksBuildPhase section */
		224C65752827204000AAEF2E /* Frameworks */ = {
			isa = PBXFrameworksBuildPhase;
			buildActionMask = 2147483647;
			files = (
				224E6720282EB9C5001D214C /* ComposableArchitecture in Frameworks */,
			);
			runOnlyForDeploymentPostprocessing = 0;
		};
		224C65852827204300AAEF2E /* Frameworks */ = {
			isa = PBXFrameworksBuildPhase;
			buildActionMask = 2147483647;
			files = (
			);
			runOnlyForDeploymentPostprocessing = 0;
		};
		224C658F2827204300AAEF2E /* Frameworks */ = {
			isa = PBXFrameworksBuildPhase;
			buildActionMask = 2147483647;
			files = (
			);
			runOnlyForDeploymentPostprocessing = 0;
		};
/* End PBXFrameworksBuildPhase section */

/* Begin PBXGroup section */
		2220E150283123F10046F08A /* Model */ = {
			isa = PBXGroup;
			children = (
				224E6711282E91FF001D214C /* Response.swift */,
				224E671A282EAA50001D214C /* APIError.swift */,
			);
			path = Model;
			sourceTree = "<group>";
		};
		2220E151283123FD0046F08A /* Utils */ = {
			isa = PBXGroup;
			children = (
				2220E15F283185990046F08A /* ImageFileManager.swift */,
			);
			path = Utils;
			sourceTree = "<group>";
		};
		2220E15228312D060046F08A /* Component */ = {
			isa = PBXGroup;
			children = (
				2220E15528312D270046F08A /* MangaThumbnail */,
				22284BEA28395DF300C69647 /* ExpandableForEach.swift */,
			);
			path = Component;
			sourceTree = "<group>";
		};
		2220E15528312D270046F08A /* MangaThumbnail */ = {
			isa = PBXGroup;
			children = (
				2220E15328312D1F0046F08A /* MangaThumbnailView.swift */,
				2220E15628312D400046F08A /* ThumbnailFeature.swift */,
				2220E1582831345C0046F08A /* MangaThumbnailEffect.swift */,
			);
			path = MangaThumbnail;
			sourceTree = "<group>";
		};
		2220E15C283145130046F08A /* Extension */ = {
			isa = PBXGroup;
			children = (
				2220E15D283145290046F08A /* PreviewProvider.swift */,
				22284BE8283909CF00C69647 /* RangeReplaceableCollection.swift */,
				22DA241E2839752800150C23 /* Double.swift */,
				2245D4B828403E9A005B1C83 /* UUID.swift */,
				2245D4BA2840EC40005B1C83 /* Publisher.swift */,
			);
			path = Extension;
			sourceTree = "<group>";
		};
		2220E1632832A8910046F08A /* Manga */ = {
			isa = PBXGroup;
			children = (
				2245D4AF284009EA005B1C83 /* VolumeTab */,
				2220E1662832A9280046F08A /* MangaView.swift */,
				2220E1642832A8D60046F08A /* MangaFeature.swift */,
				2220E1682832A9310046F08A /* MangaEffect.swift */,
			);
			path = Manga;
			sourceTree = "<group>";
		};
		2245D4AF284009EA005B1C83 /* VolumeTab */ = {
			isa = PBXGroup;
			children = (
				22A7BF2B283AB6CD008EDD52 /* Chapter */,
				2245D4B228400A9D005B1C83 /* VolumeTabView.swift */,
				2245D4B028400A8E005B1C83 /* VolumeTabFeature.swift */,
			);
			path = VolumeTab;
			sourceTree = "<group>";
		};
		224C656F2827204000AAEF2E = {
			isa = PBXGroup;
			children = (
				224C657A2827204100AAEF2E /* Smuggler */,
				224C658B2827204300AAEF2E /* SmugglerTests */,
				224C65952827204300AAEF2E /* SmugglerUITests */,
				224C65792827204100AAEF2E /* Products */,
			);
			sourceTree = "<group>";
		};
		224C65792827204100AAEF2E /* Products */ = {
			isa = PBXGroup;
			children = (
				224C65782827204100AAEF2E /* Smuggler.app */,
				224C65882827204300AAEF2E /* SmugglerTests.xctest */,
				224C65922827204300AAEF2E /* SmugglerUITests.xctest */,
			);
			name = Products;
			sourceTree = "<group>";
		};
		224C657A2827204100AAEF2E /* Smuggler */ = {
			isa = PBXGroup;
			children = (
				2220E151283123FD0046F08A /* Utils */,
				2220E15C283145130046F08A /* Extension */,
				224E6719282EAA48001D214C /* Shared */,
				224E6710282E8E18001D214C /* Model */,
				229F8D88282DB2E900761054 /* App */,
				224C657F2827204300AAEF2E /* Assets.xcassets */,
				224C65812827204300AAEF2E /* Preview Content */,
			);
			path = Smuggler;
			sourceTree = "<group>";
		};
		224C65812827204300AAEF2E /* Preview Content */ = {
			isa = PBXGroup;
			children = (
				224C65822827204300AAEF2E /* Preview Assets.xcassets */,
			);
			path = "Preview Content";
			sourceTree = "<group>";
		};
		224C658B2827204300AAEF2E /* SmugglerTests */ = {
			isa = PBXGroup;
			children = (
				224C658C2827204300AAEF2E /* SmugglerTests.swift */,
			);
			path = SmugglerTests;
			sourceTree = "<group>";
		};
		224C65952827204300AAEF2E /* SmugglerUITests */ = {
			isa = PBXGroup;
			children = (
				224C65962827204300AAEF2E /* SmugglerUITests.swift */,
				224C65982827204300AAEF2E /* SmugglerUITestsLaunchTests.swift */,
			);
			path = SmugglerUITests;
			sourceTree = "<group>";
		};
		224E6710282E8E18001D214C /* Model */ = {
			isa = PBXGroup;
			children = (
				224E6713282E9781001D214C /* Manga.swift */,
				2224D3D6282ED6C200BBAC5D /* Relationship.swift */,
				2224D3D8282ED6FA00BBAC5D /* Tag.swift */,
				2220E14E283074F10046F08A /* LocalizedString.swift */,
				2220E15A2831355A0046F08A /* CoverArtInfo.swift */,
				2220E1612831B0300046F08A /* ResponseDataType.swift */,
				2220E16A2832B3910046F08A /* ChapterDetails.swift */,
				2220E16E2832CEE00046F08A /* ChapterPagesInfo.swift */,
				22A7BF29283A74E4008EDD52 /* Volume.swift */,
				22A7BF2E283AB730008EDD52 /* Chapter.swift */,
			);
			path = Model;
			sourceTree = "<group>";
		};
		224E6719282EAA48001D214C /* Shared */ = {
			isa = PBXGroup;
			children = (
				2220E150283123F10046F08A /* Model */,
				224E671C282EB371001D214C /* SystemEnvironment.swift */,
				221E527B2833FE7D001E82A7 /* SystemFeature.swift */,
			);
			path = Shared;
			sourceTree = "<group>";
		};
		229B2C2F282859560028015B /* Core */ = {
			isa = PBXGroup;
			children = (
				2220E15228312D060046F08A /* Component */,
				2220E1632832A8910046F08A /* Manga */,
				229F8D91282DB9C800761054 /* Home */,
				229F8D89282DB32700761054 /* Main */,
			);
			path = Core;
			sourceTree = "<group>";
		};
		229F8D88282DB2E900761054 /* App */ = {
			isa = PBXGroup;
			children = (
				224C657B2827204100AAEF2E /* SmugglerApp.swift */,
				229B2C2F282859560028015B /* Core */,
			);
			path = App;
			sourceTree = "<group>";
		};
		229F8D89282DB32700761054 /* Main */ = {
			isa = PBXGroup;
			children = (
				229F8D8A282DB34C00761054 /* RootView.swift */,
				229F8D8F282DB5E400761054 /* RootFeature.swift */,
			);
			path = Main;
			sourceTree = "<group>";
		};
		229F8D91282DB9C800761054 /* Home */ = {
			isa = PBXGroup;
			children = (
				229F8D92282DB9D200761054 /* HomeView.swift */,
				229F8D94282DBD9400761054 /* HomeFeature.swift */,
				224E6715282E9D6F001D214C /* HomeEffects.swift */,
			);
			path = Home;
			sourceTree = "<group>";
		};
		22A7BF2B283AB6CD008EDD52 /* Chapter */ = {
			isa = PBXGroup;
			children = (
				22A7BF32283ADB91008EDD52 /* ChapterView.swift */,
				22A7BF2C283AB6D7008EDD52 /* ChapterFeature.swift */,
				22A7BF30283AB923008EDD52 /* ChapterEffect.swift */,
			);
			path = Chapter;
			sourceTree = "<group>";
		};
/* End PBXGroup section */

/* Begin PBXNativeTarget section */
		224C65772827204000AAEF2E /* Smuggler */ = {
			isa = PBXNativeTarget;
			buildConfigurationList = 224C659C2827204300AAEF2E /* Build configuration list for PBXNativeTarget "Smuggler" */;
			buildPhases = (
				224C65742827204000AAEF2E /* Sources */,
				224C65752827204000AAEF2E /* Frameworks */,
				224C65762827204000AAEF2E /* Resources */,
				221E529A2833FF10001E82A7 /* Embed Frameworks */,
			);
			buildRules = (
			);
			dependencies = (
			);
			name = Smuggler;
			packageProductDependencies = (
				224E671F282EB9C5001D214C /* ComposableArchitecture */,
			);
			productName = Smuggler;
			productReference = 224C65782827204100AAEF2E /* Smuggler.app */;
			productType = "com.apple.product-type.application";
		};
		224C65872827204300AAEF2E /* SmugglerTests */ = {
			isa = PBXNativeTarget;
			buildConfigurationList = 224C659F2827204300AAEF2E /* Build configuration list for PBXNativeTarget "SmugglerTests" */;
			buildPhases = (
				224C65842827204300AAEF2E /* Sources */,
				224C65852827204300AAEF2E /* Frameworks */,
				224C65862827204300AAEF2E /* Resources */,
			);
			buildRules = (
			);
			dependencies = (
				224C658A2827204300AAEF2E /* PBXTargetDependency */,
			);
			name = SmugglerTests;
			productName = SmugglerTests;
			productReference = 224C65882827204300AAEF2E /* SmugglerTests.xctest */;
			productType = "com.apple.product-type.bundle.unit-test";
		};
		224C65912827204300AAEF2E /* SmugglerUITests */ = {
			isa = PBXNativeTarget;
			buildConfigurationList = 224C65A22827204300AAEF2E /* Build configuration list for PBXNativeTarget "SmugglerUITests" */;
			buildPhases = (
				224C658E2827204300AAEF2E /* Sources */,
				224C658F2827204300AAEF2E /* Frameworks */,
				224C65902827204300AAEF2E /* Resources */,
			);
			buildRules = (
			);
			dependencies = (
				224C65942827204300AAEF2E /* PBXTargetDependency */,
			);
			name = SmugglerUITests;
			productName = SmugglerUITests;
			productReference = 224C65922827204300AAEF2E /* SmugglerUITests.xctest */;
			productType = "com.apple.product-type.bundle.ui-testing";
		};
/* End PBXNativeTarget section */

/* Begin PBXProject section */
		224C65702827204000AAEF2E /* Project object */ = {
			isa = PBXProject;
			attributes = {
				BuildIndependentTargetsInParallel = 1;
				LastSwiftUpdateCheck = 1340;
				LastUpgradeCheck = 1330;
				TargetAttributes = {
					224C65772827204000AAEF2E = {
						CreatedOnToolsVersion = 13.3.1;
					};
					224C65872827204300AAEF2E = {
						CreatedOnToolsVersion = 13.3.1;
						TestTargetID = 224C65772827204000AAEF2E;
					};
					224C65912827204300AAEF2E = {
						CreatedOnToolsVersion = 13.3.1;
						TestTargetID = 224C65772827204000AAEF2E;
					};
				};
			};
			buildConfigurationList = 224C65732827204000AAEF2E /* Build configuration list for PBXProject "Smuggler" */;
			compatibilityVersion = "Xcode 13.0";
			developmentRegion = en;
			hasScannedForEncodings = 0;
			knownRegions = (
				en,
				Base,
			);
			mainGroup = 224C656F2827204000AAEF2E;
			packageReferences = (
				224E671E282EB9C5001D214C /* XCRemoteSwiftPackageReference "swift-composable-architecture" */,
			);
			productRefGroup = 224C65792827204100AAEF2E /* Products */;
			projectDirPath = "";
			projectRoot = "";
			targets = (
				224C65772827204000AAEF2E /* Smuggler */,
				224C65872827204300AAEF2E /* SmugglerTests */,
				224C65912827204300AAEF2E /* SmugglerUITests */,
			);
		};
/* End PBXProject section */

/* Begin PBXResourcesBuildPhase section */
		224C65762827204000AAEF2E /* Resources */ = {
			isa = PBXResourcesBuildPhase;
			buildActionMask = 2147483647;
			files = (
				224C65832827204300AAEF2E /* Preview Assets.xcassets in Resources */,
				224C65802827204300AAEF2E /* Assets.xcassets in Resources */,
			);
			runOnlyForDeploymentPostprocessing = 0;
		};
		224C65862827204300AAEF2E /* Resources */ = {
			isa = PBXResourcesBuildPhase;
			buildActionMask = 2147483647;
			files = (
			);
			runOnlyForDeploymentPostprocessing = 0;
		};
		224C65902827204300AAEF2E /* Resources */ = {
			isa = PBXResourcesBuildPhase;
			buildActionMask = 2147483647;
			files = (
			);
			runOnlyForDeploymentPostprocessing = 0;
		};
/* End PBXResourcesBuildPhase section */

/* Begin PBXSourcesBuildPhase section */
		224C65742827204000AAEF2E /* Sources */ = {
			isa = PBXSourcesBuildPhase;
			buildActionMask = 2147483647;
			files = (
				2220E15B2831355A0046F08A /* CoverArtInfo.swift in Sources */,
				2224D3D9282ED6FA00BBAC5D /* Tag.swift in Sources */,
				2220E14F283074F10046F08A /* LocalizedString.swift in Sources */,
				224E6712282E91FF001D214C /* Response.swift in Sources */,
				224E6716282E9D6F001D214C /* HomeEffects.swift in Sources */,
				221E52C228342832001E82A7 /* SystemEnvironment.swift in Sources */,
				22284BEB28395DF300C69647 /* ExpandableForEach.swift in Sources */,
				22A7BF2A283A74E4008EDD52 /* Volume.swift in Sources */,
				2245D4B328400A9D005B1C83 /* VolumeTabView.swift in Sources */,
				22A7BF33283ADB91008EDD52 /* ChapterView.swift in Sources */,
				229F8D8B282DB34C00761054 /* RootView.swift in Sources */,
				2220E160283185990046F08A /* ImageFileManager.swift in Sources */,
				2245D4B128400A8E005B1C83 /* VolumeTabFeature.swift in Sources */,
				2220E1672832A9280046F08A /* MangaView.swift in Sources */,
				22A7BF31283AB923008EDD52 /* ChapterEffect.swift in Sources */,
				229F8D95282DBD9400761054 /* HomeFeature.swift in Sources */,
				2245D4BB2840EC40005B1C83 /* Publisher.swift in Sources */,
				2220E15E283145290046F08A /* PreviewProvider.swift in Sources */,
				2220E1622831B0300046F08A /* ResponseDataType.swift in Sources */,
				22284BE9283909CF00C69647 /* RangeReplaceableCollection.swift in Sources */,
				22A7BF2F283AB730008EDD52 /* Chapter.swift in Sources */,
				2220E1692832A9310046F08A /* MangaEffect.swift in Sources */,
				229F8D93282DB9D200761054 /* HomeView.swift in Sources */,
				2220E16F2832CEE00046F08A /* ChapterPagesInfo.swift in Sources */,
				229F8D90282DB5E400761054 /* RootFeature.swift in Sources */,
				2220E16B2832B3910046F08A /* ChapterDetails.swift in Sources */,
				2220E15728312D400046F08A /* ThumbnailFeature.swift in Sources */,
				22A7BF2D283AB6D7008EDD52 /* ChapterFeature.swift in Sources */,
				2220E1592831345C0046F08A /* MangaThumbnailEffect.swift in Sources */,
				221E52C328342832001E82A7 /* SystemFeature.swift in Sources */,
				224E6714282E9781001D214C /* Manga.swift in Sources */,
				2245D4B928403E9A005B1C83 /* UUID.swift in Sources */,
				2220E15428312D1F0046F08A /* MangaThumbnailView.swift in Sources */,
				224C657C2827204100AAEF2E /* SmugglerApp.swift in Sources */,
				2220E1652832A8D60046F08A /* MangaFeature.swift in Sources */,
				2224D3D7282ED6C200BBAC5D /* Relationship.swift in Sources */,
				22DA241F2839752800150C23 /* Double.swift in Sources */,
				224E671B282EAA50001D214C /* APIError.swift in Sources */,
			);
			runOnlyForDeploymentPostprocessing = 0;
		};
		224C65842827204300AAEF2E /* Sources */ = {
			isa = PBXSourcesBuildPhase;
			buildActionMask = 2147483647;
			files = (
				224C658D2827204300AAEF2E /* SmugglerTests.swift in Sources */,
			);
			runOnlyForDeploymentPostprocessing = 0;
		};
		224C658E2827204300AAEF2E /* Sources */ = {
			isa = PBXSourcesBuildPhase;
			buildActionMask = 2147483647;
			files = (
				224C65992827204300AAEF2E /* SmugglerUITestsLaunchTests.swift in Sources */,
				224C65972827204300AAEF2E /* SmugglerUITests.swift in Sources */,
			);
			runOnlyForDeploymentPostprocessing = 0;
		};
/* End PBXSourcesBuildPhase section */

/* Begin PBXTargetDependency section */
		224C658A2827204300AAEF2E /* PBXTargetDependency */ = {
			isa = PBXTargetDependency;
			target = 224C65772827204000AAEF2E /* Smuggler */;
			targetProxy = 224C65892827204300AAEF2E /* PBXContainerItemProxy */;
		};
		224C65942827204300AAEF2E /* PBXTargetDependency */ = {
			isa = PBXTargetDependency;
			target = 224C65772827204000AAEF2E /* Smuggler */;
			targetProxy = 224C65932827204300AAEF2E /* PBXContainerItemProxy */;
		};
/* End PBXTargetDependency section */

/* Begin XCBuildConfiguration section */
		224C659A2827204300AAEF2E /* Debug */ = {
			isa = XCBuildConfiguration;
			buildSettings = {
				ALWAYS_SEARCH_USER_PATHS = NO;
				CLANG_ANALYZER_NONNULL = YES;
				CLANG_ANALYZER_NUMBER_OBJECT_CONVERSION = YES_AGGRESSIVE;
				CLANG_CXX_LANGUAGE_STANDARD = "gnu++17";
				CLANG_ENABLE_MODULES = YES;
				CLANG_ENABLE_OBJC_ARC = YES;
				CLANG_ENABLE_OBJC_WEAK = YES;
				CLANG_WARN_BLOCK_CAPTURE_AUTORELEASING = YES;
				CLANG_WARN_BOOL_CONVERSION = YES;
				CLANG_WARN_COMMA = YES;
				CLANG_WARN_CONSTANT_CONVERSION = YES;
				CLANG_WARN_DEPRECATED_OBJC_IMPLEMENTATIONS = YES;
				CLANG_WARN_DIRECT_OBJC_ISA_USAGE = YES_ERROR;
				CLANG_WARN_DOCUMENTATION_COMMENTS = YES;
				CLANG_WARN_EMPTY_BODY = YES;
				CLANG_WARN_ENUM_CONVERSION = YES;
				CLANG_WARN_INFINITE_RECURSION = YES;
				CLANG_WARN_INT_CONVERSION = YES;
				CLANG_WARN_NON_LITERAL_NULL_CONVERSION = YES;
				CLANG_WARN_OBJC_IMPLICIT_RETAIN_SELF = YES;
				CLANG_WARN_OBJC_LITERAL_CONVERSION = YES;
				CLANG_WARN_OBJC_ROOT_CLASS = YES_ERROR;
				CLANG_WARN_QUOTED_INCLUDE_IN_FRAMEWORK_HEADER = YES;
				CLANG_WARN_RANGE_LOOP_ANALYSIS = YES;
				CLANG_WARN_STRICT_PROTOTYPES = YES;
				CLANG_WARN_SUSPICIOUS_MOVE = YES;
				CLANG_WARN_UNGUARDED_AVAILABILITY = YES_AGGRESSIVE;
				CLANG_WARN_UNREACHABLE_CODE = YES;
				CLANG_WARN__DUPLICATE_METHOD_MATCH = YES;
				COPY_PHASE_STRIP = NO;
				DEBUG_INFORMATION_FORMAT = dwarf;
				ENABLE_STRICT_OBJC_MSGSEND = YES;
				ENABLE_TESTABILITY = YES;
				GCC_C_LANGUAGE_STANDARD = gnu11;
				GCC_DYNAMIC_NO_PIC = NO;
				GCC_NO_COMMON_BLOCKS = YES;
				GCC_OPTIMIZATION_LEVEL = 0;
				GCC_PREPROCESSOR_DEFINITIONS = (
					"DEBUG=1",
					"$(inherited)",
				);
				GCC_WARN_64_TO_32_BIT_CONVERSION = YES;
				GCC_WARN_ABOUT_RETURN_TYPE = YES_ERROR;
				GCC_WARN_UNDECLARED_SELECTOR = YES;
				GCC_WARN_UNINITIALIZED_AUTOS = YES_AGGRESSIVE;
				GCC_WARN_UNUSED_FUNCTION = YES;
				GCC_WARN_UNUSED_VARIABLE = YES;
				IPHONEOS_DEPLOYMENT_TARGET = 15.4;
				MTL_ENABLE_DEBUG_INFO = INCLUDE_SOURCE;
				MTL_FAST_MATH = YES;
				ONLY_ACTIVE_ARCH = YES;
				SDKROOT = iphoneos;
				SWIFT_ACTIVE_COMPILATION_CONDITIONS = DEBUG;
				SWIFT_OPTIMIZATION_LEVEL = "-Onone";
			};
			name = Debug;
		};
		224C659B2827204300AAEF2E /* Release */ = {
			isa = XCBuildConfiguration;
			buildSettings = {
				ALWAYS_SEARCH_USER_PATHS = NO;
				CLANG_ANALYZER_NONNULL = YES;
				CLANG_ANALYZER_NUMBER_OBJECT_CONVERSION = YES_AGGRESSIVE;
				CLANG_CXX_LANGUAGE_STANDARD = "gnu++17";
				CLANG_ENABLE_MODULES = YES;
				CLANG_ENABLE_OBJC_ARC = YES;
				CLANG_ENABLE_OBJC_WEAK = YES;
				CLANG_WARN_BLOCK_CAPTURE_AUTORELEASING = YES;
				CLANG_WARN_BOOL_CONVERSION = YES;
				CLANG_WARN_COMMA = YES;
				CLANG_WARN_CONSTANT_CONVERSION = YES;
				CLANG_WARN_DEPRECATED_OBJC_IMPLEMENTATIONS = YES;
				CLANG_WARN_DIRECT_OBJC_ISA_USAGE = YES_ERROR;
				CLANG_WARN_DOCUMENTATION_COMMENTS = YES;
				CLANG_WARN_EMPTY_BODY = YES;
				CLANG_WARN_ENUM_CONVERSION = YES;
				CLANG_WARN_INFINITE_RECURSION = YES;
				CLANG_WARN_INT_CONVERSION = YES;
				CLANG_WARN_NON_LITERAL_NULL_CONVERSION = YES;
				CLANG_WARN_OBJC_IMPLICIT_RETAIN_SELF = YES;
				CLANG_WARN_OBJC_LITERAL_CONVERSION = YES;
				CLANG_WARN_OBJC_ROOT_CLASS = YES_ERROR;
				CLANG_WARN_QUOTED_INCLUDE_IN_FRAMEWORK_HEADER = YES;
				CLANG_WARN_RANGE_LOOP_ANALYSIS = YES;
				CLANG_WARN_STRICT_PROTOTYPES = YES;
				CLANG_WARN_SUSPICIOUS_MOVE = YES;
				CLANG_WARN_UNGUARDED_AVAILABILITY = YES_AGGRESSIVE;
				CLANG_WARN_UNREACHABLE_CODE = YES;
				CLANG_WARN__DUPLICATE_METHOD_MATCH = YES;
				COPY_PHASE_STRIP = NO;
				DEBUG_INFORMATION_FORMAT = "dwarf-with-dsym";
				ENABLE_NS_ASSERTIONS = NO;
				ENABLE_STRICT_OBJC_MSGSEND = YES;
				GCC_C_LANGUAGE_STANDARD = gnu11;
				GCC_NO_COMMON_BLOCKS = YES;
				GCC_WARN_64_TO_32_BIT_CONVERSION = YES;
				GCC_WARN_ABOUT_RETURN_TYPE = YES_ERROR;
				GCC_WARN_UNDECLARED_SELECTOR = YES;
				GCC_WARN_UNINITIALIZED_AUTOS = YES_AGGRESSIVE;
				GCC_WARN_UNUSED_FUNCTION = YES;
				GCC_WARN_UNUSED_VARIABLE = YES;
				IPHONEOS_DEPLOYMENT_TARGET = 15.4;
				MTL_ENABLE_DEBUG_INFO = NO;
				MTL_FAST_MATH = YES;
				SDKROOT = iphoneos;
				SWIFT_COMPILATION_MODE = wholemodule;
				SWIFT_OPTIMIZATION_LEVEL = "-O";
				VALIDATE_PRODUCT = YES;
			};
			name = Release;
		};
		224C659D2827204300AAEF2E /* Debug */ = {
			isa = XCBuildConfiguration;
			buildSettings = {
				ASSETCATALOG_COMPILER_APPICON_NAME = AppIcon;
				ASSETCATALOG_COMPILER_GLOBAL_ACCENT_COLOR_NAME = AccentColor;
				CODE_SIGN_STYLE = Automatic;
				CURRENT_PROJECT_VERSION = 1;
				DEVELOPMENT_ASSET_PATHS = "\"Smuggler/Preview Content\"";
				DEVELOPMENT_TEAM = HJ9678T652;
				ENABLE_PREVIEWS = YES;
				GENERATE_INFOPLIST_FILE = YES;
				INFOPLIST_KEY_UIApplicationSceneManifest_Generation = YES;
				INFOPLIST_KEY_UIApplicationSupportsIndirectInputEvents = YES;
				INFOPLIST_KEY_UILaunchScreen_Generation = YES;
				INFOPLIST_KEY_UISupportedInterfaceOrientations_iPad = "UIInterfaceOrientationPortrait UIInterfaceOrientationPortraitUpsideDown UIInterfaceOrientationLandscapeLeft UIInterfaceOrientationLandscapeRight";
				INFOPLIST_KEY_UISupportedInterfaceOrientations_iPhone = "UIInterfaceOrientationPortrait UIInterfaceOrientationLandscapeLeft UIInterfaceOrientationLandscapeRight";
				LD_RUNPATH_SEARCH_PATHS = (
					"$(inherited)",
					"@executable_path/Frameworks",
				);
				MARKETING_VERSION = 1.0;
				PRODUCT_BUNDLE_IDENTIFIER = moe.mkpwnz.Smuggler;
				PRODUCT_NAME = "$(TARGET_NAME)";
				SWIFT_EMIT_LOC_STRINGS = YES;
				SWIFT_VERSION = 5.0;
				TARGETED_DEVICE_FAMILY = "1,2";
			};
			name = Debug;
		};
		224C659E2827204300AAEF2E /* Release */ = {
			isa = XCBuildConfiguration;
			buildSettings = {
				ASSETCATALOG_COMPILER_APPICON_NAME = AppIcon;
				ASSETCATALOG_COMPILER_GLOBAL_ACCENT_COLOR_NAME = AccentColor;
				CODE_SIGN_STYLE = Automatic;
				CURRENT_PROJECT_VERSION = 1;
				DEVELOPMENT_ASSET_PATHS = "\"Smuggler/Preview Content\"";
				DEVELOPMENT_TEAM = HJ9678T652;
				ENABLE_PREVIEWS = YES;
				GENERATE_INFOPLIST_FILE = YES;
				INFOPLIST_KEY_UIApplicationSceneManifest_Generation = YES;
				INFOPLIST_KEY_UIApplicationSupportsIndirectInputEvents = YES;
				INFOPLIST_KEY_UILaunchScreen_Generation = YES;
				INFOPLIST_KEY_UISupportedInterfaceOrientations_iPad = "UIInterfaceOrientationPortrait UIInterfaceOrientationPortraitUpsideDown UIInterfaceOrientationLandscapeLeft UIInterfaceOrientationLandscapeRight";
				INFOPLIST_KEY_UISupportedInterfaceOrientations_iPhone = "UIInterfaceOrientationPortrait UIInterfaceOrientationLandscapeLeft UIInterfaceOrientationLandscapeRight";
				LD_RUNPATH_SEARCH_PATHS = (
					"$(inherited)",
					"@executable_path/Frameworks",
				);
				MARKETING_VERSION = 1.0;
				PRODUCT_BUNDLE_IDENTIFIER = moe.mkpwnz.Smuggler;
				PRODUCT_NAME = "$(TARGET_NAME)";
				SWIFT_EMIT_LOC_STRINGS = YES;
				SWIFT_VERSION = 5.0;
				TARGETED_DEVICE_FAMILY = "1,2";
			};
			name = Release;
		};
		224C65A02827204300AAEF2E /* Debug */ = {
			isa = XCBuildConfiguration;
			buildSettings = {
				ALWAYS_EMBED_SWIFT_STANDARD_LIBRARIES = YES;
				BUNDLE_LOADER = "$(TEST_HOST)";
				CODE_SIGN_STYLE = Automatic;
				CURRENT_PROJECT_VERSION = 1;
				DEVELOPMENT_TEAM = HJ9678T652;
				GENERATE_INFOPLIST_FILE = YES;
				IPHONEOS_DEPLOYMENT_TARGET = 15.4;
				MARKETING_VERSION = 1.0;
				PRODUCT_BUNDLE_IDENTIFIER = moe.mkpwnz.SmugglerTests;
				PRODUCT_NAME = "$(TARGET_NAME)";
				SWIFT_EMIT_LOC_STRINGS = NO;
				SWIFT_VERSION = 5.0;
				TARGETED_DEVICE_FAMILY = "1,2";
				TEST_HOST = "$(BUILT_PRODUCTS_DIR)/Smuggler.app/Smuggler";
			};
			name = Debug;
		};
		224C65A12827204300AAEF2E /* Release */ = {
			isa = XCBuildConfiguration;
			buildSettings = {
				ALWAYS_EMBED_SWIFT_STANDARD_LIBRARIES = YES;
				BUNDLE_LOADER = "$(TEST_HOST)";
				CODE_SIGN_STYLE = Automatic;
				CURRENT_PROJECT_VERSION = 1;
				DEVELOPMENT_TEAM = HJ9678T652;
				GENERATE_INFOPLIST_FILE = YES;
				IPHONEOS_DEPLOYMENT_TARGET = 15.4;
				MARKETING_VERSION = 1.0;
				PRODUCT_BUNDLE_IDENTIFIER = moe.mkpwnz.SmugglerTests;
				PRODUCT_NAME = "$(TARGET_NAME)";
				SWIFT_EMIT_LOC_STRINGS = NO;
				SWIFT_VERSION = 5.0;
				TARGETED_DEVICE_FAMILY = "1,2";
				TEST_HOST = "$(BUILT_PRODUCTS_DIR)/Smuggler.app/Smuggler";
			};
			name = Release;
		};
		224C65A32827204300AAEF2E /* Debug */ = {
			isa = XCBuildConfiguration;
			buildSettings = {
				ALWAYS_EMBED_SWIFT_STANDARD_LIBRARIES = YES;
				CODE_SIGN_STYLE = Automatic;
				CURRENT_PROJECT_VERSION = 1;
				DEVELOPMENT_TEAM = HJ9678T652;
				GENERATE_INFOPLIST_FILE = YES;
				MARKETING_VERSION = 1.0;
				PRODUCT_BUNDLE_IDENTIFIER = moe.mkpwnz.SmugglerUITests;
				PRODUCT_NAME = "$(TARGET_NAME)";
				SWIFT_EMIT_LOC_STRINGS = NO;
				SWIFT_VERSION = 5.0;
				TARGETED_DEVICE_FAMILY = "1,2";
				TEST_TARGET_NAME = Smuggler;
			};
			name = Debug;
		};
		224C65A42827204300AAEF2E /* Release */ = {
			isa = XCBuildConfiguration;
			buildSettings = {
				ALWAYS_EMBED_SWIFT_STANDARD_LIBRARIES = YES;
				CODE_SIGN_STYLE = Automatic;
				CURRENT_PROJECT_VERSION = 1;
				DEVELOPMENT_TEAM = HJ9678T652;
				GENERATE_INFOPLIST_FILE = YES;
				MARKETING_VERSION = 1.0;
				PRODUCT_BUNDLE_IDENTIFIER = moe.mkpwnz.SmugglerUITests;
				PRODUCT_NAME = "$(TARGET_NAME)";
				SWIFT_EMIT_LOC_STRINGS = NO;
				SWIFT_VERSION = 5.0;
				TARGETED_DEVICE_FAMILY = "1,2";
				TEST_TARGET_NAME = Smuggler;
			};
			name = Release;
		};
/* End XCBuildConfiguration section */

/* Begin XCConfigurationList section */
		224C65732827204000AAEF2E /* Build configuration list for PBXProject "Smuggler" */ = {
			isa = XCConfigurationList;
			buildConfigurations = (
				224C659A2827204300AAEF2E /* Debug */,
				224C659B2827204300AAEF2E /* Release */,
			);
			defaultConfigurationIsVisible = 0;
			defaultConfigurationName = Release;
		};
		224C659C2827204300AAEF2E /* Build configuration list for PBXNativeTarget "Smuggler" */ = {
			isa = XCConfigurationList;
			buildConfigurations = (
				224C659D2827204300AAEF2E /* Debug */,
				224C659E2827204300AAEF2E /* Release */,
			);
			defaultConfigurationIsVisible = 0;
			defaultConfigurationName = Release;
		};
		224C659F2827204300AAEF2E /* Build configuration list for PBXNativeTarget "SmugglerTests" */ = {
			isa = XCConfigurationList;
			buildConfigurations = (
				224C65A02827204300AAEF2E /* Debug */,
				224C65A12827204300AAEF2E /* Release */,
			);
			defaultConfigurationIsVisible = 0;
			defaultConfigurationName = Release;
		};
		224C65A22827204300AAEF2E /* Build configuration list for PBXNativeTarget "SmugglerUITests" */ = {
			isa = XCConfigurationList;
			buildConfigurations = (
				224C65A32827204300AAEF2E /* Debug */,
				224C65A42827204300AAEF2E /* Release */,
			);
			defaultConfigurationIsVisible = 0;
			defaultConfigurationName = Release;
		};
/* End XCConfigurationList section */

/* Begin XCRemoteSwiftPackageReference section */
		224E671E282EB9C5001D214C /* XCRemoteSwiftPackageReference "swift-composable-architecture" */ = {
			isa = XCRemoteSwiftPackageReference;
			repositoryURL = "https://github.com/pointfreeco/swift-composable-architecture";
			requirement = {
				kind = upToNextMajorVersion;
				minimumVersion = 0.9.0;
			};
		};
/* End XCRemoteSwiftPackageReference section */

/* Begin XCSwiftPackageProductDependency section */
		224E671F282EB9C5001D214C /* ComposableArchitecture */ = {
			isa = XCSwiftPackageProductDependency;
			package = 224E671E282EB9C5001D214C /* XCRemoteSwiftPackageReference "swift-composable-architecture" */;
			productName = ComposableArchitecture;
		};
/* End XCSwiftPackageProductDependency section */
	};
	rootObject = 224C65702827204000AAEF2E /* Project object */;
}
